
Microsoft Visual Studio Solution File, Format Version 12.00
# Visual Studio 14
VisualStudioVersion = 14.0.25123.0
MinimumVisualStudioVersion = 10.0.40219.1
Project("{FAE04EC0-301F-11D3-BF4B-00C04F79EFBC}") = "HotChocolatey", "HotChocolatey\HotChocolatey.csproj", "{620962C6-EA19-4728-9716-529EA838EA26}"
EndProject
Project("{930C7802-8A8C-48F9-8165-68863BCCD9DD}") = "Setup", "Setup\Setup.wixproj", "{ED35BB7C-3750-4115-BEEA-C049FBFEA69D}"
EndProject
Project("{2150E333-8FDC-42A3-9474-1A3956D46DE8}") = "Package", "Package", "{5845255E-C121-4EAC-9343-BF22EC9AAD26}"
	ProjectSection(SolutionItems) = preProject
		ChocolateyPackage\hot-chocolatey\tools\chocolateyinstall.ps1 = ChocolateyPackage\hot-chocolatey\tools\chocolateyinstall.ps1
		ChocolateyPackage\hot-chocolatey\tools\chocolateyuninstall.ps1 = ChocolateyPackage\hot-chocolatey\tools\chocolateyuninstall.ps1
		ChocolateyPackage\hot-chocolatey\hot-chocolatey.nuspec = ChocolateyPackage\hot-chocolatey\hot-chocolatey.nuspec
		ChocolateyPackage\hot-chocolatey\tools\ReadMe.md = ChocolateyPackage\hot-chocolatey\tools\ReadMe.md
	EndProjectSection
EndProject
Project("{2150E333-8FDC-42A3-9474-1A3956D46DE8}") = "Solution Items", "Solution Items", "{72630F17-F132-4698-9F05-E02AA60A2887}"
	ProjectSection(SolutionItems) = preProject
		.gitattributes = .gitattributes
		.gitignore = .gitignore
		.gitlab-ci.yml = .gitlab-ci.yml
		build.bat = build.bat
		build.proj = build.proj
		chocolateyicon.gif = chocolateyicon.gif
		README.md = README.md
		releasenotes.txt = releasenotes.txt
		version.txt = version.txt
	EndProjectSection
EndProject
Global
	GlobalSection(SolutionConfigurationPlatforms) = preSolution
		Debug|Any CPU = Debug|Any CPU
		Debug|x86 = Debug|x86
		Release|Any CPU = Release|Any CPU
		Release|x86 = Release|x86
	EndGlobalSection
	GlobalSection(ProjectConfigurationPlatforms) = postSolution
		{620962C6-EA19-4728-9716-529EA838EA26}.Debug|Any CPU.ActiveCfg = Debug|Any CPU
		{620962C6-EA19-4728-9716-529EA838EA26}.Debug|Any CPU.Build.0 = Debug|Any CPU
		{620962C6-EA19-4728-9716-529EA838EA26}.Debug|x86.ActiveCfg = Debug|Any CPU
		{620962C6-EA19-4728-9716-529EA838EA26}.Debug|x86.Build.0 = Debug|Any CPU
		{620962C6-EA19-4728-9716-529EA838EA26}.Release|Any CPU.ActiveCfg = Release|Any CPU
		{620962C6-EA19-4728-9716-529EA838EA26}.Release|Any CPU.Build.0 = Release|Any CPU
		{620962C6-EA19-4728-9716-529EA838EA26}.Release|x86.ActiveCfg = Release|Any CPU
		{620962C6-EA19-4728-9716-529EA838EA26}.Release|x86.Build.0 = Release|Any CPU
		{ED35BB7C-3750-4115-BEEA-C049FBFEA69D}.Debug|Any CPU.ActiveCfg = Debug|x86
		{ED35BB7C-3750-4115-BEEA-C049FBFEA69D}.Debug|x86.ActiveCfg = Debug|x86
		{ED35BB7C-3750-4115-BEEA-C049FBFEA69D}.Debug|x86.Build.0 = Debug|x86
		{ED35BB7C-3750-4115-BEEA-C049FBFEA69D}.Release|Any CPU.ActiveCfg = Release|x86
		{ED35BB7C-3750-4115-BEEA-C049FBFEA69D}.Release|Any CPU.Build.0 = Release|x86
		{ED35BB7C-3750-4115-BEEA-C049FBFEA69D}.Release|x86.ActiveCfg = Release|x86
		{ED35BB7C-3750-4115-BEEA-C049FBFEA69D}.Release|x86.Build.0 = Release|x86
	EndGlobalSection
	GlobalSection(SolutionProperties) = preSolution
		HideSolutionNode = FALSE
	EndGlobalSection
EndGlobal
